
Microsoft Visual Studio Solution File, Format Version 12.00
# Visual Studio Version 16
VisualStudioVersion = 16.0.33027.164
MinimumVisualStudioVersion = 10.0.40219.1
Project("{D2ABAB84-BF74-430A-B69E-9DC6D40DDA17}") = "NWAS", "NWAS\NWAS.dwproj", "{DB1BA21F-71FF-44E6-B692-089504082712}"
EndProject
Global
	GlobalSection(SolutionConfigurationPlatforms) = preSolution
		Development|Default = Development|Default
	EndGlobalSection
	GlobalSection(ProjectConfigurationPlatforms) = postSolution
		{DB1BA21F-71FF-44E6-B692-089504082712}.Development|Default.ActiveCfg = Development
		{DB1BA21F-71FF-44E6-B692-089504082712}.Development|Default.Build.0 = Development
		{DB1BA21F-71FF-44E6-B692-089504082712}.Development|Default.Deploy.0 = Development
	EndGlobalSection
	GlobalSection(SolutionProperties) = preSolution
		HideSolutionNode = FALSE
	EndGlobalSection
	GlobalSection(ExtensibilityGlobals) = postSolution
		SolutionGuid = {A5A216EE-0375-47DB-88EE-3E66D964C90D}
	EndGlobalSection
EndGlobal
